
Microsoft Visual Studio Solution File, Format Version 12.00
# Visual Studio 14
VisualStudioVersion = 14.0.23107.0
MinimumVisualStudioVersion = 10.0.40219.1
Project("{FAE04EC0-301F-11D3-BF4B-00C04F79EFBC}") = "Disly", "Disly\Disly.csproj", "{3D10B354-F5AD-4568-B4EC-65381A50B8F6}"
EndProject
Project("{FAE04EC0-301F-11D3-BF4B-00C04F79EFBC}") = "cms.dbase", "cms.dbase\cms.dbase.csproj", "{FF945C70-81BF-4972-AA80-FAE920C0E028}"
EndProject
Project("{FAE04EC0-301F-11D3-BF4B-00C04F79EFBC}") = "cms.dbModel", "cms.dbModel\cms.dbModel.csproj", "{194E3F69-A5F5-49A4-B2A8-B11366633D1C}"
EndProject
Project("{2150E333-8FDC-42A3-9474-1A3956D46DE8}") = "Database", "Database", "{69AABF96-94E5-4C51-B51F-4ADF501DAFF5}"
EndProject
Project("{2150E333-8FDC-42A3-9474-1A3956D46DE8}") = "Integration", "Integration", "{9E416A2E-9A53-4790-9193-9203C07817FE}"
EndProject
Project("{FAE04EC0-301F-11D3-BF4B-00C04F79EFBC}") = "Integration.Frmp.library", "Integration.Frmp.library\Integration.Frmp.library.csproj", "{7E5618BD-0026-4F48-936E-E030AAA94EBD}"
EndProject
Project("{FAE04EC0-301F-11D3-BF4B-00C04F79EFBC}") = "Integration.Frmp.cmd", "Integration.Frmp.cmd\Integration.Frmp.cmd.csproj", "{6CDA73D2-0082-4DAB-B064-AD66C629F6F7}"
EndProject
Project("{FAE04EC0-301F-11D3-BF4B-00C04F79EFBC}") = "Integration.Frmp.service", "Integration.Frmp.service\Integration.Frmp.service.csproj", "{84485C45-F3BF-4D92-9FE9-28DB4D8295DD}"
EndProject
Project("{2150E333-8FDC-42A3-9474-1A3956D46DE8}") = "Solution Items", "Solution Items", "{31387304-FCA9-4868-AD8F-179F80E8711F}"
	ProjectSection(SolutionItems) = preProject
		WebEssentials2015-Settings.json = WebEssentials2015-Settings.json
	EndProjectSection
EndProject
Project("{2150E333-8FDC-42A3-9474-1A3956D46DE8}") = "PhotoImport", "PhotoImport", "{B0E1A299-F413-48F4-8AD7-56E0443343FA}"
EndProject
Project("{FAE04EC0-301F-11D3-BF4B-00C04F79EFBC}") = "PhotoImport", "PhotoImport\PhotoImport.csproj", "{76CB1644-80B5-4D21-98A5-FDFDC52BA3C6}"
EndProject
Global
	GlobalSection(SolutionConfigurationPlatforms) = preSolution
		Debug|Any CPU = Debug|Any CPU
		Release|Any CPU = Release|Any CPU
	EndGlobalSection
	GlobalSection(ProjectConfigurationPlatforms) = postSolution
		{3D10B354-F5AD-4568-B4EC-65381A50B8F6}.Debug|Any CPU.ActiveCfg = Debug|Any CPU
		{3D10B354-F5AD-4568-B4EC-65381A50B8F6}.Debug|Any CPU.Build.0 = Debug|Any CPU
		{3D10B354-F5AD-4568-B4EC-65381A50B8F6}.Release|Any CPU.ActiveCfg = Release|Any CPU
		{3D10B354-F5AD-4568-B4EC-65381A50B8F6}.Release|Any CPU.Build.0 = Release|Any CPU
		{FF945C70-81BF-4972-AA80-FAE920C0E028}.Debug|Any CPU.ActiveCfg = Debug|Any CPU
		{FF945C70-81BF-4972-AA80-FAE920C0E028}.Debug|Any CPU.Build.0 = Debug|Any CPU
		{FF945C70-81BF-4972-AA80-FAE920C0E028}.Release|Any CPU.ActiveCfg = Release|Any CPU
		{FF945C70-81BF-4972-AA80-FAE920C0E028}.Release|Any CPU.Build.0 = Release|Any CPU
		{194E3F69-A5F5-49A4-B2A8-B11366633D1C}.Debug|Any CPU.ActiveCfg = Debug|Any CPU
		{194E3F69-A5F5-49A4-B2A8-B11366633D1C}.Debug|Any CPU.Build.0 = Debug|Any CPU
		{194E3F69-A5F5-49A4-B2A8-B11366633D1C}.Release|Any CPU.ActiveCfg = Release|Any CPU
		{194E3F69-A5F5-49A4-B2A8-B11366633D1C}.Release|Any CPU.Build.0 = Release|Any CPU
		{7E5618BD-0026-4F48-936E-E030AAA94EBD}.Debug|Any CPU.ActiveCfg = Debug|Any CPU
		{7E5618BD-0026-4F48-936E-E030AAA94EBD}.Debug|Any CPU.Build.0 = Debug|Any CPU
		{7E5618BD-0026-4F48-936E-E030AAA94EBD}.Release|Any CPU.ActiveCfg = Release|Any CPU
		{7E5618BD-0026-4F48-936E-E030AAA94EBD}.Release|Any CPU.Build.0 = Release|Any CPU
		{6CDA73D2-0082-4DAB-B064-AD66C629F6F7}.Debug|Any CPU.ActiveCfg = Debug|Any CPU
		{6CDA73D2-0082-4DAB-B064-AD66C629F6F7}.Debug|Any CPU.Build.0 = Debug|Any CPU
		{6CDA73D2-0082-4DAB-B064-AD66C629F6F7}.Release|Any CPU.ActiveCfg = Release|Any CPU
		{6CDA73D2-0082-4DAB-B064-AD66C629F6F7}.Release|Any CPU.Build.0 = Release|Any CPU
		{84485C45-F3BF-4D92-9FE9-28DB4D8295DD}.Debug|Any CPU.ActiveCfg = Debug|Any CPU
		{84485C45-F3BF-4D92-9FE9-28DB4D8295DD}.Debug|Any CPU.Build.0 = Debug|Any CPU
		{84485C45-F3BF-4D92-9FE9-28DB4D8295DD}.Release|Any CPU.ActiveCfg = Release|Any CPU
		{84485C45-F3BF-4D92-9FE9-28DB4D8295DD}.Release|Any CPU.Build.0 = Release|Any CPU
		{76CB1644-80B5-4D21-98A5-FDFDC52BA3C6}.Debug|Any CPU.ActiveCfg = Debug|Any CPU
		{76CB1644-80B5-4D21-98A5-FDFDC52BA3C6}.Debug|Any CPU.Build.0 = Debug|Any CPU
		{76CB1644-80B5-4D21-98A5-FDFDC52BA3C6}.Release|Any CPU.ActiveCfg = Release|Any CPU
		{76CB1644-80B5-4D21-98A5-FDFDC52BA3C6}.Release|Any CPU.Build.0 = Release|Any CPU
	EndGlobalSection
	GlobalSection(SolutionProperties) = preSolution
		HideSolutionNode = FALSE
	EndGlobalSection
	GlobalSection(NestedProjects) = preSolution
		{FF945C70-81BF-4972-AA80-FAE920C0E028} = {69AABF96-94E5-4C51-B51F-4ADF501DAFF5}
		{194E3F69-A5F5-49A4-B2A8-B11366633D1C} = {69AABF96-94E5-4C51-B51F-4ADF501DAFF5}
		{7E5618BD-0026-4F48-936E-E030AAA94EBD} = {9E416A2E-9A53-4790-9193-9203C07817FE}
		{6CDA73D2-0082-4DAB-B064-AD66C629F6F7} = {9E416A2E-9A53-4790-9193-9203C07817FE}
		{84485C45-F3BF-4D92-9FE9-28DB4D8295DD} = {9E416A2E-9A53-4790-9193-9203C07817FE}
		{76CB1644-80B5-4D21-98A5-FDFDC52BA3C6} = {B0E1A299-F413-48F4-8AD7-56E0443343FA}
	EndGlobalSection
EndGlobal
